
Microsoft Visual Studio Solution File, Format Version 12.00
# Visual Studio Version 17
VisualStudioVersion = 17.7.34009.444
MinimumVisualStudioVersion = 10.0.40219.1
Project("{FAE04EC0-301F-11D3-BF4B-00C04F79EFBC}") = "MancillaHexColor", "MancillaHexColor.csproj", "{FA3D5E85-0D30-4E68-8748-61C09F11320D}"
EndProject
Global
	GlobalSection(SolutionConfigurationPlatforms) = preSolution
		Debug|Any CPU = Debug|Any CPU
		Release|Any CPU = Release|Any CPU
	EndGlobalSection
	GlobalSection(ProjectConfigurationPlatforms) = postSolution
		{FA3D5E85-0D30-4E68-8748-61C09F11320D}.Debug|Any CPU.ActiveCfg = Debug|Any CPU
		{FA3D5E85-0D30-4E68-8748-61C09F11320D}.Debug|Any CPU.Build.0 = Debug|Any CPU
		{FA3D5E85-0D30-4E68-8748-61C09F11320D}.Debug|Any CPU.Deploy.0 = Debug|Any CPU
		{FA3D5E85-0D30-4E68-8748-61C09F11320D}.Release|Any CPU.ActiveCfg = Release|Any CPU
		{FA3D5E85-0D30-4E68-8748-61C09F11320D}.Release|Any CPU.Build.0 = Release|Any CPU
		{FA3D5E85-0D30-4E68-8748-61C09F11320D}.Release|Any CPU.Deploy.0 = Release|Any CPU
	EndGlobalSection
	GlobalSection(SolutionProperties) = preSolution
		HideSolutionNode = FALSE
	EndGlobalSection
	GlobalSection(ExtensibilityGlobals) = postSolution
		SolutionGuid = {887609E1-C9B3-4EF5-AF97-6DA46C4CA7E0}
	EndGlobalSection
EndGlobal
